
Microsoft Visual Studio Solution File, Format Version 12.00
# Visual Studio 15
VisualStudioVersion = 15.0.28307.136
MinimumVisualStudioVersion = 10.0.40219.1
Project("{FAE04EC0-301F-11D3-BF4B-00C04F79EFBC}") = "Alg1", "Alg1\Alg1.csproj", "{BBE2912B-E2BC-4B4A-BCBD-4D0DD9E54A37}"
EndProject
Project("{54435603-DBB4-11D2-8724-00A0C9A8B90C}") = "caja", "caja\caja.vdproj", "{DDE44E0F-B924-4277-B029-972D4F466CA5}"
EndProject
Global
	GlobalSection(SolutionConfigurationPlatforms) = preSolution
		Debug|Any CPU = Debug|Any CPU
		Release|Any CPU = Release|Any CPU
	EndGlobalSection
	GlobalSection(ProjectConfigurationPlatforms) = postSolution
		{BBE2912B-E2BC-4B4A-BCBD-4D0DD9E54A37}.Debug|Any CPU.ActiveCfg = Debug|Any CPU
		{BBE2912B-E2BC-4B4A-BCBD-4D0DD9E54A37}.Debug|Any CPU.Build.0 = Debug|Any CPU
		{BBE2912B-E2BC-4B4A-BCBD-4D0DD9E54A37}.Release|Any CPU.ActiveCfg = Release|Any CPU
		{BBE2912B-E2BC-4B4A-BCBD-4D0DD9E54A37}.Release|Any CPU.Build.0 = Release|Any CPU
		{DDE44E0F-B924-4277-B029-972D4F466CA5}.Debug|Any CPU.ActiveCfg = Debug
		{DDE44E0F-B924-4277-B029-972D4F466CA5}.Release|Any CPU.ActiveCfg = Release
	EndGlobalSection
	GlobalSection(SolutionProperties) = preSolution
		HideSolutionNode = FALSE
	EndGlobalSection
	GlobalSection(ExtensibilityGlobals) = postSolution
		SolutionGuid = {C10125AE-AD85-4F12-90D4-B5E909ECBC72}
	EndGlobalSection
EndGlobal
